# This file is automatically @generated by Cargo.
# It is not intended for manual editing.
version = 3

[[package]]
name = "ctor"
version = "0.2.4"
source = "registry+https://github.com/rust-lang/crates.io-index"
checksum = "1f34ba9a9bcb8645379e9de8cb3ecfcf4d1c85ba66d90deb3259206fa5aa193b"
dependencies = [
 "quote",
 "syn 2.0.37",
]

[[package]]
name = "extendr-api"
version = "0.4.0"
source = "git+https://github.com/extendr/extendr.git#2992da0b3c71b7be2622ed9b5a4bc72869e3ccbc"
dependencies = [
 "extendr-engine",
 "extendr-macros",
 "libR-sys",
 "once_cell",
 "paste",
]

[[package]]
name = "extendr-engine"
version = "0.4.0"
source = "git+https://github.com/extendr/extendr.git#2992da0b3c71b7be2622ed9b5a4bc72869e3ccbc"
dependencies = [
 "ctor",
 "libR-sys",
]

[[package]]
name = "extendr-macros"
version = "0.4.0"
source = "git+https://github.com/extendr/extendr.git#2992da0b3c71b7be2622ed9b5a4bc72869e3ccbc"
dependencies = [
 "proc-macro2",
 "quote",
 "syn 1.0.109",
]

[[package]]
name = "extendrPkg"
version = "0.1.0"
dependencies = [
 "extendr-api",
]

[[package]]
name = "libR-sys"
version = "0.6.0"
source = "registry+https://github.com/rust-lang/crates.io-index"
checksum = "a34aaa68a201f71eab5df5a67d1326add8aaf029434e939353bcab0534919ff1"

[[package]]
name = "once_cell"
version = "1.18.0"
source = "registry+https://github.com/rust-lang/crates.io-index"
checksum = "dd8b5dd2ae5ed71462c540258bedcb51965123ad7e7ccf4b9a8cafaa4a63576d"

[[package]]
name = "paste"
version = "1.0.14"
source = "registry+https://github.com/rust-lang/crates.io-index"
checksum = "de3145af08024dea9fa9914f381a17b8fc6034dfb00f3a84013f7ff43f29ed4c"

[[package]]
name = "proc-macro2"
version = "1.0.67"
source = "registry+https://github.com/rust-lang/crates.io-index"
checksum = "3d433d9f1a3e8c1263d9456598b16fec66f4acc9a74dacffd35c7bb09b3a1328"
dependencies = [
 "unicode-ident",
]

[[package]]
name = "quote"
version = "1.0.33"
source = "registry+https://github.com/rust-lang/crates.io-index"
checksum = "5267fca4496028628a95160fc423a33e8b2e6af8a5302579e322e4b520293cae"
dependencies = [
 "proc-macro2",
]

[[package]]
name = "syn"
version = "1.0.109"
source = "registry+https://github.com/rust-lang/crates.io-index"
checksum = "72b64191b275b66ffe2469e8af2c1cfe3bafa67b529ead792a6d0160888b4237"
dependencies = [
 "proc-macro2",
 "quote",
 "unicode-ident",
]

[[package]]
name = "syn"
version = "2.0.37"
source = "registry+https://github.com/rust-lang/crates.io-index"
checksum = "7303ef2c05cd654186cb250d29049a24840ca25d2747c25c0381c8d9e2f582e8"
dependencies = [
 "proc-macro2",
 "quote",
 "unicode-ident",
]

[[package]]
name = "unicode-ident"
version = "1.0.12"
source = "registry+https://github.com/rust-lang/crates.io-index"
checksum = "3354b9ac3fae1ff6755cb6db53683adb661634f67557942dea4facebec0fee4b"
